
Microsoft Visual Studio Solution File, Format Version 12.00
# Visual Studio Version 17
VisualStudioVersion = 17.14.37012.4 d17.14
MinimumVisualStudioVersion = 10.0.40219.1
Project("{FAE04EC0-301F-11D3-BF4B-00C04F79EFBC}") = "Draftosaurus", "Draftosaurus.csproj", "{A1151B53-81E5-44BA-8612-DF0A6176871E}"
EndProject
Global
	GlobalSection(SolutionConfigurationPlatforms) = preSolution
		Debug|Any CPU = Debug|Any CPU
		Release|Any CPU = Release|Any CPU
	EndGlobalSection
	GlobalSection(ProjectConfigurationPlatforms) = postSolution
		{A1151B53-81E5-44BA-8612-DF0A6176871E}.Debug|Any CPU.ActiveCfg = Debug|Any CPU
		{A1151B53-81E5-44BA-8612-DF0A6176871E}.Debug|Any CPU.Build.0 = Debug|Any CPU
		{A1151B53-81E5-44BA-8612-DF0A6176871E}.Release|Any CPU.ActiveCfg = Release|Any CPU
		{A1151B53-81E5-44BA-8612-DF0A6176871E}.Release|Any CPU.Build.0 = Release|Any CPU
	EndGlobalSection
	GlobalSection(SolutionProperties) = preSolution
		HideSolutionNode = FALSE
	EndGlobalSection
	GlobalSection(ExtensibilityGlobals) = postSolution
		SolutionGuid = {78BDE08D-9DAF-48E1-88C5-6F9E0177F519}
	EndGlobalSection
EndGlobal
